
Microsoft Visual Studio Solution File, Format Version 12.00
# Visual Studio Version 17
VisualStudioVersion = 17.7.34031.279
MinimumVisualStudioVersion = 10.0.40219.1
Project("{FAE04EC0-301F-11D3-BF4B-00C04F79EFBC}") = "QuizzCraftService", "QuizzCraftService\QuizzCraftService.csproj", "{E8EE0A95-95B3-423A-8E6D-6560D5F73050}"
EndProject
Project("{FAE04EC0-301F-11D3-BF4B-00C04F79EFBC}") = "QuizzCraftHost", "QuizzCraftHost\QuizzCraftHost.csproj", "{AF1E3F18-F44D-4DE0-8604-CDF64B3F63BA}"
EndProject
Project("{FAE04EC0-301F-11D3-BF4B-00C04F79EFBC}") = "QuizzCraftClient", "QuizzCraftClient\QuizzCraftClient.csproj", "{AC0D831A-4E7B-46FD-9453-D2AFC535D33C}"
EndProject
Global
	GlobalSection(SolutionConfigurationPlatforms) = preSolution
		Debug|Any CPU = Debug|Any CPU
		Release|Any CPU = Release|Any CPU
	EndGlobalSection
	GlobalSection(ProjectConfigurationPlatforms) = postSolution
		{E8EE0A95-95B3-423A-8E6D-6560D5F73050}.Debug|Any CPU.ActiveCfg = Debug|Any CPU
		{E8EE0A95-95B3-423A-8E6D-6560D5F73050}.Debug|Any CPU.Build.0 = Debug|Any CPU
		{E8EE0A95-95B3-423A-8E6D-6560D5F73050}.Release|Any CPU.ActiveCfg = Release|Any CPU
		{E8EE0A95-95B3-423A-8E6D-6560D5F73050}.Release|Any CPU.Build.0 = Release|Any CPU
		{AF1E3F18-F44D-4DE0-8604-CDF64B3F63BA}.Debug|Any CPU.ActiveCfg = Debug|Any CPU
		{AF1E3F18-F44D-4DE0-8604-CDF64B3F63BA}.Debug|Any CPU.Build.0 = Debug|Any CPU
		{AF1E3F18-F44D-4DE0-8604-CDF64B3F63BA}.Release|Any CPU.ActiveCfg = Release|Any CPU
		{AF1E3F18-F44D-4DE0-8604-CDF64B3F63BA}.Release|Any CPU.Build.0 = Release|Any CPU
		{AC0D831A-4E7B-46FD-9453-D2AFC535D33C}.Debug|Any CPU.ActiveCfg = Debug|Any CPU
		{AC0D831A-4E7B-46FD-9453-D2AFC535D33C}.Debug|Any CPU.Build.0 = Debug|Any CPU
		{AC0D831A-4E7B-46FD-9453-D2AFC535D33C}.Release|Any CPU.ActiveCfg = Release|Any CPU
		{AC0D831A-4E7B-46FD-9453-D2AFC535D33C}.Release|Any CPU.Build.0 = Release|Any CPU
	EndGlobalSection
	GlobalSection(SolutionProperties) = preSolution
		HideSolutionNode = FALSE
	EndGlobalSection
	GlobalSection(ExtensibilityGlobals) = postSolution
		SolutionGuid = {6A71934C-F734-40C2-814C-29D386FC5C43}
	EndGlobalSection
EndGlobal
